{
  "schemaVersion": "urn:agentapi-doctor:support-lock:v1",
  "kind": "SupportLock",
  "lockStatus": "candidate-unresolved",
  "release": "v1.0-candidate",
  "supportManifestDigest": null,
  "resolutionPolicy": "Only independently verified exact upstream versions and artifact/package/image/lock digests may change a record to resolved.",
  "cells": [
    {"cellId": "t1.protocol.openai-chat", "status": "unresolved", "reasonCode": "artifact_not_implemented_or_verified", "artifactVersion": null, "artifactDigest": null, "denominatorDigest": null, "versionSlots": [], "gateStatus": "pending", "evidenceRefs": []},
    {"cellId": "t1.protocol.openai-responses-http", "status": "unresolved", "reasonCode": "artifact_not_implemented_or_verified", "artifactVersion": null, "artifactDigest": null, "denominatorDigest": null, "versionSlots": [], "gateStatus": "pending", "evidenceRefs": []},
    {"cellId": "t1.protocol.anthropic-messages", "status": "unresolved", "reasonCode": "artifact_not_implemented_or_verified", "artifactVersion": null, "artifactDigest": null, "denominatorDigest": null, "versionSlots": [], "gateStatus": "pending", "evidenceRefs": []},
    {"cellId": "t1.profile.openai-python", "status": "unresolved", "reasonCode": "exact_upstream_versions_and_driver_digests_unverified", "artifactVersion": null, "artifactDigest": null, "denominatorDigest": null, "versionSlots": [{"slot": "current", "status": "unresolved", "exactVersion": null, "packageDigest": null, "runtimeVersion": null, "imageDigest": null, "lockfileDigest": null, "evidenceRefs": []}, {"slot": "previous", "status": "unresolved", "exactVersion": null, "packageDigest": null, "runtimeVersion": null, "imageDigest": null, "lockfileDigest": null, "evidenceRefs": []}, {"slot": "candidate", "status": "unresolved", "exactVersion": null, "packageDigest": null, "runtimeVersion": null, "imageDigest": null, "lockfileDigest": null, "evidenceRefs": []}], "gateStatus": "pending", "evidenceRefs": []},
    {"cellId": "t1.profile.openai-node", "status": "unresolved", "reasonCode": "exact_upstream_versions_and_driver_digests_unverified", "artifactVersion": null, "artifactDigest": null, "denominatorDigest": null, "versionSlots": [{"slot": "current", "status": "unresolved", "exactVersion": null, "packageDigest": null, "runtimeVersion": null, "imageDigest": null, "lockfileDigest": null, "evidenceRefs": []}, {"slot": "previous", "status": "unresolved", "exactVersion": null, "packageDigest": null, "runtimeVersion": null, "imageDigest": null, "lockfileDigest": null, "evidenceRefs": []}, {"slot": "candidate", "status": "unresolved", "exactVersion": null, "packageDigest": null, "runtimeVersion": null, "imageDigest": null, "lockfileDigest": null, "evidenceRefs": []}], "gateStatus": "pending", "evidenceRefs": []},
    {"cellId": "t1.profile.anthropic-python", "status": "unresolved", "reasonCode": "exact_upstream_versions_and_driver_digests_unverified", "artifactVersion": null, "artifactDigest": null, "denominatorDigest": null, "versionSlots": [{"slot": "current", "status": "unresolved", "exactVersion": null, "packageDigest": null, "runtimeVersion": null, "imageDigest": null, "lockfileDigest": null, "evidenceRefs": []}, {"slot": "previous", "status": "unresolved", "exactVersion": null, "packageDigest": null, "runtimeVersion": null, "imageDigest": null, "lockfileDigest": null, "evidenceRefs": []}, {"slot": "candidate", "status": "unresolved", "exactVersion": null, "packageDigest": null, "runtimeVersion": null, "imageDigest": null, "lockfileDigest": null, "evidenceRefs": []}], "gateStatus": "pending", "evidenceRefs": []},
    {"cellId": "t1.profile.anthropic-node", "status": "unresolved", "reasonCode": "exact_upstream_versions_and_driver_digests_unverified", "artifactVersion": null, "artifactDigest": null, "denominatorDigest": null, "versionSlots": [{"slot": "current", "status": "unresolved", "exactVersion": null, "packageDigest": null, "runtimeVersion": null, "imageDigest": null, "lockfileDigest": null, "evidenceRefs": []}, {"slot": "previous", "status": "unresolved", "exactVersion": null, "packageDigest": null, "runtimeVersion": null, "imageDigest": null, "lockfileDigest": null, "evidenceRefs": []}, {"slot": "candidate", "status": "unresolved", "exactVersion": null, "packageDigest": null, "runtimeVersion": null, "imageDigest": null, "lockfileDigest": null, "evidenceRefs": []}], "gateStatus": "pending", "evidenceRefs": []},
    {"cellId": "t1.profile.vercel-ai-sdk", "status": "unresolved", "reasonCode": "exact_upstream_versions_and_driver_digests_unverified", "artifactVersion": null, "artifactDigest": null, "denominatorDigest": null, "versionSlots": [{"slot": "current", "status": "unresolved", "exactVersion": null, "packageDigest": null, "runtimeVersion": null, "imageDigest": null, "lockfileDigest": null, "evidenceRefs": []}, {"slot": "previous", "status": "unresolved", "exactVersion": null, "packageDigest": null, "runtimeVersion": null, "imageDigest": null, "lockfileDigest": null, "evidenceRefs": []}, {"slot": "candidate", "status": "unresolved", "exactVersion": null, "packageDigest": null, "runtimeVersion": null, "imageDigest": null, "lockfileDigest": null, "evidenceRefs": []}], "gateStatus": "pending", "evidenceRefs": []},
    {"cellId": "t1.profile.codex", "status": "unresolved", "reasonCode": "exact_upstream_versions_and_driver_digests_unverified", "artifactVersion": null, "artifactDigest": null, "denominatorDigest": null, "versionSlots": [{"slot": "current", "status": "unresolved", "exactVersion": null, "packageDigest": null, "runtimeVersion": null, "imageDigest": null, "lockfileDigest": null, "evidenceRefs": []}, {"slot": "previous", "status": "unresolved", "exactVersion": null, "packageDigest": null, "runtimeVersion": null, "imageDigest": null, "lockfileDigest": null, "evidenceRefs": []}, {"slot": "candidate", "status": "unresolved", "exactVersion": null, "packageDigest": null, "runtimeVersion": null, "imageDigest": null, "lockfileDigest": null, "evidenceRefs": []}], "gateStatus": "pending", "evidenceRefs": []},
    {"cellId": "t1.profile.openclaw", "status": "unresolved", "reasonCode": "exact_upstream_versions_and_driver_digests_unverified", "artifactVersion": null, "artifactDigest": null, "denominatorDigest": null, "versionSlots": [{"slot": "current", "status": "unresolved", "exactVersion": null, "packageDigest": null, "runtimeVersion": null, "imageDigest": null, "lockfileDigest": null, "evidenceRefs": []}, {"slot": "previous", "status": "unresolved", "exactVersion": null, "packageDigest": null, "runtimeVersion": null, "imageDigest": null, "lockfileDigest": null, "evidenceRefs": []}, {"slot": "candidate", "status": "unresolved", "exactVersion": null, "packageDigest": null, "runtimeVersion": null, "imageDigest": null, "lockfileDigest": null, "evidenceRefs": []}], "gateStatus": "pending", "evidenceRefs": []},
    {"cellId": "t1.runtime.vllm", "status": "unresolved", "reasonCode": "adapter_contract_pending", "artifactVersion": null, "artifactDigest": null, "denominatorDigest": null, "versionSlots": [], "gateStatus": "pending", "evidenceRefs": []},
    {"cellId": "t1.runtime.llama-cpp", "status": "unresolved", "reasonCode": "adapter_contract_pending", "artifactVersion": null, "artifactDigest": null, "denominatorDigest": null, "versionSlots": [], "gateStatus": "pending", "evidenceRefs": []},
    {"cellId": "t1.runtime.ollama", "status": "unresolved", "reasonCode": "adapter_contract_pending", "artifactVersion": null, "artifactDigest": null, "denominatorDigest": null, "versionSlots": [], "gateStatus": "pending", "evidenceRefs": []},
    {"cellId": "t1.runtime.sglang", "status": "unresolved", "reasonCode": "adapter_contract_pending", "artifactVersion": null, "artifactDigest": null, "denominatorDigest": null, "versionSlots": [], "gateStatus": "pending", "evidenceRefs": []},
    {"cellId": "t1.runtime.litellm", "status": "unresolved", "reasonCode": "adapter_contract_pending", "artifactVersion": null, "artifactDigest": null, "denominatorDigest": null, "versionSlots": [], "gateStatus": "pending", "evidenceRefs": []},
    {"cellId": "t2.external.open-responses", "status": "unresolved", "reasonCode": "upstream_version_digest_license_and_run_unverified", "artifactVersion": null, "artifactDigest": null, "denominatorDigest": null, "versionSlots": [], "gateStatus": "pending", "evidenceRefs": []},
    {"cellId": "t2.protocol.google-generate-content", "status": "unresolved", "reasonCode": "artifact_not_implemented_or_verified", "artifactVersion": null, "artifactDigest": null, "denominatorDigest": null, "versionSlots": [], "gateStatus": "pending", "evidenceRefs": []},
    {"cellId": "t2.protocol.google-interactions", "status": "unresolved", "reasonCode": "artifact_not_implemented_or_verified", "artifactVersion": null, "artifactDigest": null, "denominatorDigest": null, "versionSlots": [], "gateStatus": "pending", "evidenceRefs": []},
    {"cellId": "t2.protocol.mcp-2025-11-25", "status": "unresolved", "reasonCode": "artifact_not_implemented_or_verified", "artifactVersion": null, "artifactDigest": null, "denominatorDigest": null, "versionSlots": [], "gateStatus": "pending", "evidenceRefs": []},
    {"cellId": "t2.protocol.ollama-native", "status": "unresolved", "reasonCode": "artifact_not_implemented_or_verified", "artifactVersion": null, "artifactDigest": null, "denominatorDigest": null, "versionSlots": [], "gateStatus": "pending", "evidenceRefs": []},
    {"cellId": "t2.profile.openclaw-ollama-native", "status": "unresolved", "reasonCode": "exact_experimental_consumer_version_unverified", "artifactVersion": null, "artifactDigest": null, "denominatorDigest": null, "versionSlots": [{"slot": "exact-experimental", "status": "unresolved", "exactVersion": null, "packageDigest": null, "runtimeVersion": null, "imageDigest": null, "lockfileDigest": null, "evidenceRefs": []}], "gateStatus": "pending", "evidenceRefs": []}
  ]
}
